
Microsoft Visual Studio Solution File, Format Version 12.00
# Visual Studio Version 17
VisualStudioVersion = 17.8.34330.188
MinimumVisualStudioVersion = 10.0.40219.1
Project("{FAE04EC0-301F-11D3-BF4B-00C04F79EFBC}") = "RSA_3", "RSA_3\RSA_3.csproj", "{748AFFA8-1579-4130-96B7-2971E3C9C059}"
EndProject
Global
	GlobalSection(SolutionConfigurationPlatforms) = preSolution
		Debug|Any CPU = Debug|Any CPU
		Release|Any CPU = Release|Any CPU
	EndGlobalSection
	GlobalSection(ProjectConfigurationPlatforms) = postSolution
		{748AFFA8-1579-4130-96B7-2971E3C9C059}.Debug|Any CPU.ActiveCfg = Debug|Any CPU
		{748AFFA8-1579-4130-96B7-2971E3C9C059}.Debug|Any CPU.Build.0 = Debug|Any CPU
		{748AFFA8-1579-4130-96B7-2971E3C9C059}.Release|Any CPU.ActiveCfg = Release|Any CPU
		{748AFFA8-1579-4130-96B7-2971E3C9C059}.Release|Any CPU.Build.0 = Release|Any CPU
	EndGlobalSection
	GlobalSection(SolutionProperties) = preSolution
		HideSolutionNode = FALSE
	EndGlobalSection
	GlobalSection(ExtensibilityGlobals) = postSolution
		SolutionGuid = {F473CF90-25A1-4FE0-B06A-221596583691}
	EndGlobalSection
EndGlobal
